Microsoft Visual Studio Solution File, Format Version 11.00
# Visual Studio 2008

Project("{63CE73F6-8F6D-E3F1-5F98-C7B5E805EEE8}") = "mozzarella", "Assembly-CSharp.csproj", "{C68F39D6-24F5-AB22-925B-0E152C32D9C5}"
EndProject
Project("{63CE73F6-8F6D-E3F1-5F98-C7B5E805EEE8}") = "mozzarella", "Assembly-CSharp-Editor.csproj", "{E325E8DC-6BA5-B1AF-F819-17630F4870DF}"
EndProject
Global
	GlobalSection(SolutionConfigurationPlatforms) = preSolution
		Debug|Any CPU = Debug|Any CPU
		Release|Any CPU = Release|Any CPU
	EndGlobalSection
	GlobalSection(ProjectConfigurationPlatforms) = postSolution
		{C68F39D6-24F5-AB22-925B-0E152C32D9C5}.Debug|Any CPU.ActiveCfg = Debug|Any CPU
		{C68F39D6-24F5-AB22-925B-0E152C32D9C5}.Debug|Any CPU.Build.0 = Debug|Any CPU
		{C68F39D6-24F5-AB22-925B-0E152C32D9C5}.Release|Any CPU.ActiveCfg = Release|Any CPU
		{C68F39D6-24F5-AB22-925B-0E152C32D9C5}.Release|Any CPU.Build.0 = Release|Any CPU
		{E325E8DC-6BA5-B1AF-F819-17630F4870DF}.Debug|Any CPU.ActiveCfg = Debug|Any CPU
		{E325E8DC-6BA5-B1AF-F819-17630F4870DF}.Debug|Any CPU.Build.0 = Debug|Any CPU
		{E325E8DC-6BA5-B1AF-F819-17630F4870DF}.Release|Any CPU.ActiveCfg = Release|Any CPU
		{E325E8DC-6BA5-B1AF-F819-17630F4870DF}.Release|Any CPU.Build.0 = Release|Any CPU
	EndGlobalSection
	GlobalSection(SolutionProperties) = preSolution
		HideSolutionNode = FALSE
	EndGlobalSection
								GlobalSection(MonoDevelopProperties) = preSolution
		StartupItem = Assembly-CSharp.csproj
		Policies = $0
		$0.TextStylePolicy = $1
		$1.FileWidth = 120
		$1.TabWidth = 4
		$1.RemoveTrailingWhitespace = True
		$1.EolMarker = Unix
		$1.inheritsSet = Mono
		$1.inheritsScope = text/plain
		$1.scope = text/x-csharp
		$0.CSharpFormattingPolicy = $2
		$2.BeforeMethodDeclarationParentheses = False
		$2.BeforeMethodCallParentheses = False
		$2.BeforeConstructorDeclarationParentheses = False
		$2.BeforeIndexerDeclarationBracket = False
		$2.BeforeDelegateDeclarationParentheses = False
		$2.NewParentheses = False
		$2.IfParentheses = False
		$2.WhileParentheses = False
		$2.ForParentheses = False
		$2.ForeachParentheses = False
		$2.CatchParentheses = False
		$2.SwitchParentheses = False
		$2.LockParentheses = False
		$2.UsingParentheses = False
		$2.SpacesBeforeBrackets = False
		$2.inheritsSet = Mono
		$2.inheritsScope = text/x-csharp
		$2.scope = text/x-csharp
		$0.TextStylePolicy = $3
		$3.FileWidth = 120
		$3.TabWidth = 4
		$3.EolMarker = Unix
		$3.inheritsSet = Mono
		$3.inheritsScope = text/plain
		$3.scope = text/plain
	EndGlobalSection

EndGlobal
